{
  "name": "num2lcd",
  "version": "1.0.0",
  "lockfileVersion": 1,
  "requires": true,
  "dependencies": {
    "readline-sync": {
      "version": "1.4.9",
      "resolved": "http://registry.npm.taobao.org/readline-sync/download/readline-sync-1.4.9.tgz",
      "integrity": "sha1-PtqOZfI80qF+YTAbHwADOWr17No="
    }
  }
}
